// !$*UTF8*$!
{
	archiveVersion = 1;
	classes = {
	};
	objectVersion = 50;
	objects = {

/* Begin PBXBuildFile section */
		2DEBA3242761147100A6580A /* AppDelegate.swift in Sources */ = {isa = PBXBuildFile; fileRef = 2DEBA3232761147100A6580A /* AppDelegate.swift */; };
		2DEBA3262761147100A6580A /* SceneDelegate.swift in Sources */ = {isa = PBXBuildFile; fileRef = 2DEBA3252761147100A6580A /* SceneDelegate.swift */; };
		2DEBA3282761147100A6580A /* ViewController.swift in Sources */ = {isa = PBXBuildFile; fileRef = 2DEBA3272761147100A6580A /* ViewController.swift */; };
		2DEBA32B2761147100A6580A /* Main.storyboard in Resources */ = {isa = PBXBuildFile; fileRef = 2DEBA3292761147100A6580A /* Main.storyboard */; };
		2DEBA32D2761147100A6580A /* Assets.xcassets in Resources */ = {isa = PBXBuildFile; fileRef = 2DEBA32C2761147100A6580A /* Assets.xcassets */; };
		2DEBA3302761147100A6580A /* LaunchScreen.storyboard in Resources */ = {isa = PBXBuildFile; fileRef = 2DEBA32E2761147100A6580A /* LaunchScreen.storyboard */; };
		6682BFC3E210B3FE76E1CF26 /* Pods_Swift_Practice___122_Charts.framework in Frameworks */ = {isa = PBXBuildFile; fileRef = 8162746B9503D0A7DC277F66 /* Pods_Swift_Practice___122_Charts.framework */; };
/* End PBXBuildFile section */

/* Begin PBXFileReference section */
		2DEBA3202761147100A6580A /* Swift Practice # 122 Charts.app */ = {isa = PBXFileReference; explicitFileType = wrapper.application; includeInIndex = 0; path = "Swift Practice # 122 Charts.app"; sourceTree = BUILT_PRODUCTS_DIR; };
		2DEBA3232761147100A6580A /* AppDelegate.swift */ = {isa = PBXFileReference; lastKnownFileType = sourcecode.swift; path = AppDelegate.swift; sourceTree = "<group>"; };
		2DEBA3252761147100A6580A /* SceneDelegate.swift */ = {isa = PBXFileReference; lastKnownFileType = sourcecode.swift; path = SceneDelegate.swift; sourceTree = "<group>"; };
		2DEBA3272761147100A6580A /* ViewController.swift */ = {isa = PBXFileReference; lastKnownFileType = sourcecode.swift; path = ViewController.swift; sourceTree = "<group>"; };
		2DEBA32A2761147100A6580A /* Base */ = {isa = PBXFileReference; lastKnownFileType = file.storyboard; name = Base; path = Base.lproj/Main.storyboard; sourceTree = "<group>"; };
		2DEBA32C2761147100A6580A /* Assets.xcassets */ = {isa = PBXFileReference; lastKnownFileType = folder.assetcatalog; path = Assets.xcassets; sourceTree = "<group>"; };
		2DEBA32F2761147100A6580A /* Base */ = {isa = PBXFileReference; lastKnownFileType = file.storyboard; name = Base; path = Base.lproj/LaunchScreen.storyboard; sourceTree = "<group>"; };
		2DEBA3312761147100A6580A /* Info.plist */ = {isa = PBXFileReference; lastKnownFileType = text.plist.xml; path = Info.plist; sourceTree = "<group>"; };
		32381852654D3FB42EFB4565 /* Pods-Swift Practice # 122 Charts.release.xcconfig */ = {isa = PBXFileReference; includeInIndex = 1; lastKnownFileType = text.xcconfig; name = "Pods-Swift Practice # 122 Charts.release.xcconfig"; path = "Target Support Files/Pods-Swift Practice # 122 Charts/Pods-Swift Practice # 122 Charts.release.xcconfig"; sourceTree = "<group>"; };
		8162746B9503D0A7DC277F66 /* Pods_Swift_Practice___122_Charts.framework */ = {isa = PBXFileReference; explicitFileType = wrapper.framework; includeInIndex = 0; path = Pods_Swift_Practice___122_Charts.framework; sourceTree = BUILT_PRODUCTS_DIR; };
		B92550A0EEC859E5B74FB2CA /* Pods-Swift Practice # 122 Charts.debug.xcconfig */ = {isa = PBXFileReference; includeInIndex = 1; lastKnownFileType = text.xcconfig; name = "Pods-Swift Practice # 122 Charts.debug.xcconfig"; path = "Target Support Files/Pods-Swift Practice # 122 Charts/Pods-Swift Practice # 122 Charts.debug.xcconfig"; sourceTree = "<group>"; };
/* End PBXFileReference section */

/* Begin PBXFrameworksBuildPhase section */
		2DEBA31D2761147100A6580A /* Frameworks */ = {
			isa = PBXFrameworksBuildPhase;
			buildActionMask = 2147483647;
			files = (
				6682BFC3E210B3FE76E1CF26 /* Pods_Swift_Practice___122_Charts.framework in Frameworks */,
			);
			runOnlyForDeploymentPostprocessing = 0;
		};
/* End PBXFrameworksBuildPhase section */

/* Begin PBXGroup section */
		2DEBA3172761147100A6580A = {
			isa = PBXGroup;
			children = (
				2DEBA3222761147100A6580A /* Swift Practice # 122 Charts */,
				2DEBA3212761147100A6580A /* Products */,
				A2AA25B351470B9A6299607E /* Pods */,
				4A7BA5637B09DDD060905B6F /* Frameworks */,
			);
			sourceTree = "<group>";
		};
		2DEBA3212761147100A6580A /* Products */ = {
			isa = PBXGroup;
			children = (
				2DEBA3202761147100A6580A /* Swift Practice # 122 Charts.app */,
			);
			name = Products;
			sourceTree = "<group>";
		};
		2DEBA3222761147100A6580A /* Swift Practice # 122 Charts */ = {
			isa = PBXGroup;
			children = (
				2DEBA3232761147100A6580A /* AppDelegate.swift */,
				2DEBA3252761147100A6580A /* SceneDelegate.swift */,
				2DEBA3272761147100A6580A /* ViewController.swift */,
				2DEBA3292761147100A6580A /* Main.storyboard */,
				2DEBA32C2761147100A6580A /* Assets.xcassets */,
				2DEBA32E2761147100A6580A /* LaunchScreen.storyboard */,
				2DEBA3312761147100A6580A /* Info.plist */,
			);
			path = "Swift Practice # 122 Charts";
			sourceTree = "<group>";
		};
		4A7BA5637B09DDD060905B6F /* Frameworks */ = {
			isa = PBXGroup;
			children = (
				8162746B9503D0A7DC277F66 /* Pods_Swift_Practice___122_Charts.framework */,
			);
			name = Frameworks;
			sourceTree = "<group>";
		};
		A2AA25B351470B9A6299607E /* Pods */ = {
			isa = PBXGroup;
			children = (
				B92550A0EEC859E5B74FB2CA /* Pods-Swift Practice # 122 Charts.debug.xcconfig */,
				32381852654D3FB42EFB4565 /* Pods-Swift Practice # 122 Charts.release.xcconfig */,
			);
			name = Pods;
			path = Pods;
			sourceTree = "<group>";
		};
/* End PBXGroup section */

/* Begin PBXNativeTarget section */
		2DEBA31F2761147100A6580A /* Swift Practice # 122 Charts */ = {
			isa = PBXNativeTarget;
			buildConfigurationList = 2DEBA3342761147100A6580A /* Build configuration list for PBXNativeTarget "Swift Practice # 122 Charts" */;
			buildPhases = (
				35BEFFB8385F772281C559FD /* [CP] Check Pods Manifest.lock */,
				2DEBA31C2761147100A6580A /* Sources */,
				2DEBA31D2761147100A6580A /* Frameworks */,
				2DEBA31E2761147100A6580A /* Resources */,
				E6E14E88CB3C244B89992A85 /* [CP] Embed Pods Frameworks */,
			);
			buildRules = (
			);
			dependencies = (
			);
			name = "Swift Practice # 122 Charts";
			productName = "Swift Practice # 122 Charts";
			productReference = 2DEBA3202761147100A6580A /* Swift Practice # 122 Charts.app */;
			productType = "com.apple.product-type.application";
		};
/* End PBXNativeTarget section */

/* Begin PBXProject section */
		2DEBA3182761147100A6580A /* Project object */ = {
			isa = PBXProject;
			attributes = {
				LastSwiftUpdateCheck = 1250;
				LastUpgradeCheck = 1250;
				TargetAttributes = {
					2DEBA31F2761147100A6580A = {
						CreatedOnToolsVersion = 12.5.1;
					};
				};
			};
			buildConfigurationList = 2DEBA31B2761147100A6580A /* Build configuration list for PBXProject "Swift Practice # 122 Charts" */;
			compatibilityVersion = "Xcode 9.3";
			developmentRegion = en;
			hasScannedForEncodings = 0;
			knownRegions = (
				en,
				Base,
			);
			mainGroup = 2DEBA3172761147100A6580A;
			productRefGroup = 2DEBA3212761147100A6580A /* Products */;
			projectDirPath = "";
			projectRoot = "";
			targets = (
				2DEBA31F2761147100A6580A /* Swift Practice # 122 Charts */,
			);
		};
/* End PBXProject section */

/* Begin PBXResourcesBuildPhase section */
		2DEBA31E2761147100A6580A /* Resources */ = {
			isa = PBXResourcesBuildPhase;
			buildActionMask = 2147483647;
			files = (
				2DEBA3302761147100A6580A /* LaunchScreen.storyboard in Resources */,
				2DEBA32D2761147100A6580A /* Assets.xcassets in Resources */,
				2DEBA32B2761147100A6580A /* Main.storyboard in Resources */,
			);
			runOnlyForDeploymentPostprocessing = 0;
		};
/* End PBXResourcesBuildPhase section */

/* Begin PBXShellScriptBuildPhase section */
		35BEFFB8385F772281C559FD /* [CP] Check Pods Manifest.lock */ = {
			isa = PBXShellScriptBuildPhase;
			buildActionMask = 2147483647;
			files = (
			);
			inputFileListPaths = (
			);
			inputPaths = (
				"${PODS_PODFILE_DIR_PATH}/Podfile.lock",
				"${PODS_ROOT}/Manifest.lock",
			);
			name = "[CP] Check Pods Manifest.lock";
			outputFileListPaths = (
			);
			outputPaths = (
				"$(DERIVED_FILE_DIR)/Pods-Swift Practice # 122 Charts-checkManifestLockResult.txt",
			);
			runOnlyForDeploymentPostprocessing = 0;
			shellPath = /bin/sh;
			shellScript = "diff \"${PODS_PODFILE_DIR_PATH}/Podfile.lock\" \"${PODS_ROOT}/Manifest.lock\" > /dev/null\nif [ $? != 0 ] ; then\n    # print error to STDERR\n    echo \"error: The sandbox is not in sync with the Podfile.lock. Run 'pod install' or update your CocoaPods installation.\" >&2\n    exit 1\nfi\n# This output is used by Xcode 'outputs' to avoid re-running this script phase.\necho \"SUCCESS\" > \"${SCRIPT_OUTPUT_FILE_0}\"\n";
			showEnvVarsInLog = 0;
		};
		E6E14E88CB3C244B89992A85 /* [CP] Embed Pods Frameworks */ = {
			isa = PBXShellScriptBuildPhase;
			buildActionMask = 2147483647;
			files = (
			);
			inputFileListPaths = (
				"${PODS_ROOT}/Target Support Files/Pods-Swift Practice # 122 Charts/Pods-Swift Practice # 122 Charts-frameworks-${CONFIGURATION}-input-files.xcfilelist",
			);
			name = "[CP] Embed Pods Frameworks";
			outputFileListPaths = (
				"${PODS_ROOT}/Target Support Files/Pods-Swift Practice # 122 Charts/Pods-Swift Practice # 122 Charts-frameworks-${CONFIGURATION}-output-files.xcfilelist",
			);
			runOnlyForDeploymentPostprocessing = 0;
			shellPath = /bin/sh;
			shellScript = "\"${PODS_ROOT}/Target Support Files/Pods-Swift Practice # 122 Charts/Pods-Swift Practice # 122 Charts-frameworks.sh\"\n";
			showEnvVarsInLog = 0;
		};
/* End PBXShellScriptBuildPhase section */

/* Begin PBXSourcesBuildPhase section */
		2DEBA31C2761147100A6580A /* Sources */ = {
			isa = PBXSourcesBuildPhase;
			buildActionMask = 2147483647;
			files = (
				2DEBA3282761147100A6580A /* ViewController.swift in Sources */,
				2DEBA3242761147100A6580A /* AppDelegate.swift in Sources */,
				2DEBA3262761147100A6580A /* SceneDelegate.swift in Sources */,
			);
			runOnlyForDeploymentPostprocessing = 0;
		};
/* End PBXSourcesBuildPhase section */

/* Begin PBXVariantGroup section */
		2DEBA3292761147100A6580A /* Main.storyboard */ = {
			isa = PBXVariantGroup;
			children = (
				2DEBA32A2761147100A6580A /* Base */,
			);
			name = Main.storyboard;
			sourceTree = "<group>";
		};
		2DEBA32E2761147100A6580A /* LaunchScreen.storyboard */ = {
			isa = PBXVariantGroup;
			children = (
				2DEBA32F2761147100A6580A /* Base */,
			);
			name = LaunchScreen.storyboard;
			sourceTree = "<group>";
		};
/* End PBXVariantGroup section */

/* Begin XCBuildConfiguration section */
		2DEBA3322761147100A6580A /* Debug */ = {
			isa = XCBuildConfiguration;
			buildSettings = {
				ALWAYS_SEARCH_USER_PATHS = NO;
				CLANG_ANALYZER_NONNULL = YES;
				CLANG_ANALYZER_NUMBER_OBJECT_CONVERSION = YES_AGGRESSIVE;
				CLANG_CXX_LANGUAGE_STANDARD = "gnu++14";
				CLANG_CXX_LIBRARY = "libc++";
				CLANG_ENABLE_MODULES = YES;
				CLANG_ENABLE_OBJC_ARC = YES;
				CLANG_ENABLE_OBJC_WEAK = YES;
				CLANG_WARN_BLOCK_CAPTURE_AUTORELEASING = YES;
				CLANG_WARN_BOOL_CONVERSION = YES;
				CLANG_WARN_COMMA = YES;
				CLANG_WARN_CONSTANT_CONVERSION = YES;
				CLANG_WARN_DEPRECATED_OBJC_IMPLEMENTATIONS = YES;
				CLANG_WARN_DIRECT_OBJC_ISA_USAGE = YES_ERROR;
				CLANG_WARN_DOCUMENTATION_COMMENTS = YES;
				CLANG_WARN_EMPTY_BODY = YES;
				CLANG_WARN_ENUM_CONVERSION = YES;
				CLANG_WARN_INFINITE_RECURSION = YES;
				CLANG_WARN_INT_CONVERSION = YES;
				CLANG_WARN_NON_LITERAL_NULL_CONVERSION = YES;
				CLANG_WARN_OBJC_IMPLICIT_RETAIN_SELF = YES;
				CLANG_WARN_OBJC_LITERAL_CONVERSION = YES;
				CLANG_WARN_OBJC_ROOT_CLASS = YES_ERROR;
				CLANG_WARN_QUOTED_INCLUDE_IN_FRAMEWORK_HEADER = YES;
				CLANG_WARN_RANGE_LOOP_ANALYSIS = YES;
				CLANG_WARN_STRICT_PROTOTYPES = YES;
				CLANG_WARN_SUSPICIOUS_MOVE = YES;
				CLANG_WARN_UNGUARDED_AVAILABILITY = YES_AGGRESSIVE;
				CLANG_WARN_UNREACHABLE_CODE = YES;
				CLANG_WARN__DUPLICATE_METHOD_MATCH = YES;
				COPY_PHASE_STRIP = NO;
				DEBUG_INFORMATION_FORMAT = dwarf;
				ENABLE_STRICT_OBJC_MSGSEND = YES;
				ENABLE_TESTABILITY = YES;
				GCC_C_LANGUAGE_STANDARD = gnu11;
				GCC_DYNAMIC_NO_PIC = NO;
				GCC_NO_COMMON_BLOCKS = YES;
				GCC_OPTIMIZATION_LEVEL = 0;
				GCC_PREPROCESSOR_DEFINITIONS = (
					"DEBUG=1",
					"$(inherited)",
				);
				GCC_WARN_64_TO_32_BIT_CONVERSION = YES;
				GCC_WARN_ABOUT_RETURN_TYPE = YES_ERROR;
				GCC_WARN_UNDECLARED_SELECTOR = YES;
				GCC_WARN_UNINITIALIZED_AUTOS = YES_AGGRESSIVE;
				GCC_WARN_UNUSED_FUNCTION = YES;
				GCC_WARN_UNUSED_VARIABLE = YES;
				IPHONEOS_DEPLOYMENT_TARGET = 14.5;
				MTL_ENABLE_DEBUG_INFO = INCLUDE_SOURCE;
				MTL_FAST_MATH = YES;
				ONLY_ACTIVE_ARCH = YES;
				SDKROOT = iphoneos;
				SWIFT_ACTIVE_COMPILATION_CONDITIONS = DEBUG;
				SWIFT_OPTIMIZATION_LEVEL = "-Onone";
			};
			name = Debug;
		};
		2DEBA3332761147100A6580A /* Release */ = {
			isa = XCBuildConfiguration;
			buildSettings = {
				ALWAYS_SEARCH_USER_PATHS = NO;
				CLANG_ANALYZER_NONNULL = YES;
				CLANG_ANALYZER_NUMBER_OBJECT_CONVERSION = YES_AGGRESSIVE;
				CLANG_CXX_LANGUAGE_STANDARD = "gnu++14";
				CLANG_CXX_LIBRARY = "libc++";
				CLANG_ENABLE_MODULES = YES;
				CLANG_ENABLE_OBJC_ARC = YES;
				CLANG_ENABLE_OBJC_WEAK = YES;
				CLANG_WARN_BLOCK_CAPTURE_AUTORELEASING = YES;
				CLANG_WARN_BOOL_CONVERSION = YES;
				CLANG_WARN_COMMA = YES;
				CLANG_WARN_CONSTANT_CONVERSION = YES;
				CLANG_WARN_DEPRECATED_OBJC_IMPLEMENTATIONS = YES;
				CLANG_WARN_DIRECT_OBJC_ISA_USAGE = YES_ERROR;
				CLANG_WARN_DOCUMENTATION_COMMENTS = YES;
				CLANG_WARN_EMPTY_BODY = YES;
				CLANG_WARN_ENUM_CONVERSION = YES;
				CLANG_WARN_INFINITE_RECURSION = YES;
				CLANG_WARN_INT_CONVERSION = YES;
				CLANG_WARN_NON_LITERAL_NULL_CONVERSION = YES;
				CLANG_WARN_OBJC_IMPLICIT_RETAIN_SELF = YES;
				CLANG_WARN_OBJC_LITERAL_CONVERSION = YES;
				CLANG_WARN_OBJC_ROOT_CLASS = YES_ERROR;
				CLANG_WARN_QUOTED_INCLUDE_IN_FRAMEWORK_HEADER = YES;
				CLANG_WARN_RANGE_LOOP_ANALYSIS = YES;
				CLANG_WARN_STRICT_PROTOTYPES = YES;
				CLANG_WARN_SUSPICIOUS_MOVE = YES;
				CLANG_WARN_UNGUARDED_AVAILABILITY = YES_AGGRESSIVE;
				CLANG_WARN_UNREACHABLE_CODE = YES;
				CLANG_WARN__DUPLICATE_METHOD_MATCH = YES;
				COPY_PHASE_STRIP = NO;
				DEBUG_INFORMATION_FORMAT = "dwarf-with-dsym";
				ENABLE_NS_ASSERTIONS = NO;
				ENABLE_STRICT_OBJC_MSGSEND = YES;
				GCC_C_LANGUAGE_STANDARD = gnu11;
				GCC_NO_COMMON_BLOCKS = YES;
				GCC_WARN_64_TO_32_BIT_CONVERSION = YES;
				GCC_WARN_ABOUT_RETURN_TYPE = YES_ERROR;
				GCC_WARN_UNDECLARED_SELECTOR = YES;
				GCC_WARN_UNINITIALIZED_AUTOS = YES_AGGRESSIVE;
				GCC_WARN_UNUSED_FUNCTION = YES;
				GCC_WARN_UNUSED_VARIABLE = YES;
				IPHONEOS_DEPLOYMENT_TARGET = 14.5;
				MTL_ENABLE_DEBUG_INFO = NO;
				MTL_FAST_MATH = YES;
				SDKROOT = iphoneos;
				SWIFT_COMPILATION_MODE = wholemodule;
				SWIFT_OPTIMIZATION_LEVEL = "-O";
				VALIDATE_PRODUCT = YES;
			};
			name = Release;
		};
		2DEBA3352761147100A6580A /* Debug */ = {
			isa = XCBuildConfiguration;
			baseConfigurationReference = B92550A0EEC859E5B74FB2CA /* Pods-Swift Practice # 122 Charts.debug.xcconfig */;
			buildSettings = {
				ASSETCATALOG_COMPILER_APPICON_NAME = AppIcon;
				ASSETCATALOG_COMPILER_GLOBAL_ACCENT_COLOR_NAME = AccentColor;
				CODE_SIGN_STYLE = Automatic;
				DEVELOPMENT_TEAM = D758S53U98;
				INFOPLIST_FILE = "Swift Practice # 122 Charts/Info.plist";
				LD_RUNPATH_SEARCH_PATHS = (
					"$(inherited)",
					"@executable_path/Frameworks",
				);
				PRODUCT_BUNDLE_IDENTIFIER = "Dogpa.Swift-Practice---122-Charts";
				PRODUCT_NAME = "$(TARGET_NAME)";
				SWIFT_VERSION = 5.0;
				TARGETED_DEVICE_FAMILY = "1,2";
			};
			name = Debug;
		};
		2DEBA3362761147100A6580A /* Release */ = {
			isa = XCBuildConfiguration;
			baseConfigurationReference = 32381852654D3FB42EFB4565 /* Pods-Swift Practice # 122 Charts.release.xcconfig */;
			buildSettings = {
				ASSETCATALOG_COMPILER_APPICON_NAME = AppIcon;
				ASSETCATALOG_COMPILER_GLOBAL_ACCENT_COLOR_NAME = AccentColor;
				CODE_SIGN_STYLE = Automatic;
				DEVELOPMENT_TEAM = D758S53U98;
				INFOPLIST_FILE = "Swift Practice # 122 Charts/Info.plist";
				LD_RUNPATH_SEARCH_PATHS = (
					"$(inherited)",
					"@executable_path/Frameworks",
				);
				PRODUCT_BUNDLE_IDENTIFIER = "Dogpa.Swift-Practice---122-Charts";
				PRODUCT_NAME = "$(TARGET_NAME)";
				SWIFT_VERSION = 5.0;
				TARGETED_DEVICE_FAMILY = "1,2";
			};
			name = Release;
		};
/* End XCBuildConfiguration section */

/* Begin XCConfigurationList section */
		2DEBA31B2761147100A6580A /* Build configuration list for PBXProject "Swift Practice # 122 Charts" */ = {
			isa = XCConfigurationList;
			buildConfigurations = (
				2DEBA3322761147100A6580A /* Debug */,
				2DEBA3332761147100A6580A /* Release */,
			);
			defaultConfigurationIsVisible = 0;
			defaultConfigurationName = Release;
		};
		2DEBA3342761147100A6580A /* Build configuration list for PBXNativeTarget "Swift Practice # 122 Charts" */ = {
			isa = XCConfigurationList;
			buildConfigurations = (
				2DEBA3352761147100A6580A /* Debug */,
				2DEBA3362761147100A6580A /* Release */,
			);
			defaultConfigurationIsVisible = 0;
			defaultConfigurationName = Release;
		};
/* End XCConfigurationList section */
	};
	rootObject = 2DEBA3182761147100A6580A /* Project object */;
}
